{
    "name": "aplicacion-sencilla",
    "version": "1.0.0",
    "lockfileVersion": 1,
    "requires": true,
    "dependencies": {
      "accepts": {
        "version": "1.3.7",
        "resolved": "https://registry.npmjs.org/accepts/-/accepts-1.3.7.tgz",
        "integrity": "sha512-Il80Qs2WjYlJIBNzNkK6KYqlVMTbZLXgHx2oT042zZvL6dXyK3rJxRRA2MjR6NUIv8wF5PG3/PT9MzKXtLkaxQ==",
        "dev": true,
        "requires": {
          "mime-types": "~2.1.24",
          "negotiator": "0.6.2"
        }
      },
      "array-flatten": {
        "version": "1.1.1",
        "resolved": "https://registry.npmjs.org/array-flatten/-/array-flatten-1.1.1.tgz",
        "integrity": "sha1-ml9pkFGx5wczKPKgCJaLZOopVdI=",
        "dev": true
      },
      "body-parser": {
        "version": "1.19.0",
        "resolved": "https://registry.npmjs.org/body-parser/-/body-parser-1.19.0.tgz",
        "integrity": "sha512-dhEPs72z8PnTPb4e9ft9TPUFB9Ft4Ir5vJUopDjU9n0xuY8wz4dFqzKNbgu9jG3iv9wh1pe6l1n5HwaDxIY7y7w==",
        "dev": true,
        "requires": {
          "bytes": "3.1.0",
          "content-type": "~1.0.4",
          "debug": "2.6.9",
          "depd": "~1.1.2",
          "http-errors": "1.7.2"
        },
        "dependencies": {
          "bytes": {
            "version": "3.1.0",
            "resolved": "https://registry.npmjs.org/bytes/-/bytes-3.1.0.tgz",
            "integrity": "sha512-zauLjyLrb612dMowj5HgOylj6Qj6HIvjJ5zLX41Poy8ad2G7k0TlH7z+zn0T0L13cTkt5Wjw6zt7xTlH0nb2P1A==",
            "dev": true
          },
          "content-type": {
            "version": "1.0.4",
            "resolved": "https://registry.npmjs.org/content-type/-/content-type-1.0.4.tgz",
            "integrity": "sha512-hIP3EEPs8tB9AT1LFTAPCHBCJkOm5O2t5xu9Rl6mBSSj5noHqA2z1RQKzj7OjulNDpgaxrw38uYLoUQhjQUj5dg==",
            "dev": true
          },
          "depd": {
            "version": "1.1.2",
            "resolved": "https://registry.npmjs.org/depd/-/depd-1.1.2.tgz",
            "integrity": "sha1-m81S4UwJd2PnSbJ0xDRu0uVgtak=",
            "dev": true
          },
          "http-errors": {
            "version": "1.7.2",
            "resolved": "https://registry.npmjs.org/http-errors/-/http-errors-1.7.2.tgz",
            "integrity": "sha512-Kd4Ufd7e3sL9VZkajjVxOmbYD6wz7c8lZ7FMFfZc1kA9l5mXq0c9ZDIhT7h8x4vKU4rQf8qVnqy3rWxihvN9n6A==",
            "dev": true,
            "requires": {}
          }
        }
      }
    }
  }
  